
Microsoft Visual Studio Solution File, Format Version 12.00
# Visual Studio 15
Project("{FAE04EC0-301F-11D3-BF4B-00C04F79EFBC}") = "Assembly-CSharp", "Assembly-CSharp.csproj", "{A524842E-E68A-E4C1-63C8-71D08EF500FA}"
EndProject
Project("{FAE04EC0-301F-11D3-BF4B-00C04F79EFBC}") = "ScriptableObject-Architecture", "ScriptableObject-Architecture.csproj", "{B4F7C983-8583-8C38-EB29-7E4C21BDE850}"
EndProject
Project("{FAE04EC0-301F-11D3-BF4B-00C04F79EFBC}") = "ScriptableObject-Architecture.Editor", "ScriptableObject-Architecture.Editor.csproj", "{74900C9E-600C-E2AA-7FDC-C9ADD6C64F07}"
EndProject
Global
	GlobalSection(SolutionConfigurationPlatforms) = preSolution
		Debug|Any CPU = Debug|Any CPU
		Release|Any CPU = Release|Any CPU
	EndGlobalSection
	GlobalSection(ProjectConfigurationPlatforms) = postSolution
		{A524842E-E68A-E4C1-63C8-71D08EF500FA}.Debug|Any CPU.ActiveCfg = Debug|Any CPU
		{A524842E-E68A-E4C1-63C8-71D08EF500FA}.Debug|Any CPU.Build.0 = Debug|Any CPU
		{A524842E-E68A-E4C1-63C8-71D08EF500FA}.Release|Any CPU.ActiveCfg = Release|Any CPU
		{A524842E-E68A-E4C1-63C8-71D08EF500FA}.Release|Any CPU.Build.0 = Release|Any CPU
		{B4F7C983-8583-8C38-EB29-7E4C21BDE850}.Debug|Any CPU.ActiveCfg = Debug|Any CPU
		{B4F7C983-8583-8C38-EB29-7E4C21BDE850}.Debug|Any CPU.Build.0 = Debug|Any CPU
		{B4F7C983-8583-8C38-EB29-7E4C21BDE850}.Release|Any CPU.ActiveCfg = Release|Any CPU
		{B4F7C983-8583-8C38-EB29-7E4C21BDE850}.Release|Any CPU.Build.0 = Release|Any CPU
		{74900C9E-600C-E2AA-7FDC-C9ADD6C64F07}.Debug|Any CPU.ActiveCfg = Debug|Any CPU
		{74900C9E-600C-E2AA-7FDC-C9ADD6C64F07}.Debug|Any CPU.Build.0 = Debug|Any CPU
		{74900C9E-600C-E2AA-7FDC-C9ADD6C64F07}.Release|Any CPU.ActiveCfg = Release|Any CPU
		{74900C9E-600C-E2AA-7FDC-C9ADD6C64F07}.Release|Any CPU.Build.0 = Release|Any CPU
	EndGlobalSection
	GlobalSection(SolutionProperties) = preSolution
		HideSolutionNode = FALSE
	EndGlobalSection
EndGlobal
